<?xml version="1.0" encoding="utf-8"?>
<Project ToolsVersion="16.0" xmlns="http://schemas.microsoft.com/developer/msbuild/2003">
  <ItemGroup>
    <ClCompile Include="C:\Users\Jarno\Documents\GitHub\RideWeather\rapidjson\test\unittest\allocatorstest.cpp">
      <Filter>Source Files</Filter>
    </ClCompile>
    <ClCompile Include="C:\Users\Jarno\Documents\GitHub\RideWeather\rapidjson\test\unittest\bigintegertest.cpp">
      <Filter>Source Files</Filter>
    </ClCompile>
    <ClCompile Include="C:\Users\Jarno\Documents\GitHub\RideWeather\rapidjson\test\unittest\cursorstreamwrappertest.cpp">
      <Filter>Source Files</Filter>
    </ClCompile>
    <ClCompile Include="C:\Users\Jarno\Documents\GitHub\RideWeather\rapidjson\test\unittest\documenttest.cpp">
      <Filter>Source Files</Filter>
    </ClCompile>
    <ClCompile Include="C:\Users\Jarno\Documents\GitHub\RideWeather\rapidjson\test\unittest\dtoatest.cpp">
      <Filter>Source Files</Filter>
    </ClCompile>
    <ClCompile Include="C:\Users\Jarno\Documents\GitHub\RideWeather\rapidjson\test\unittest\encodedstreamtest.cpp">
      <Filter>Source Files</Filter>
    </ClCompile>
    <ClCompile Include="C:\Users\Jarno\Documents\GitHub\RideWeather\rapidjson\test\unittest\encodingstest.cpp">
      <Filter>Source Files</Filter>
    </ClCompile>
    <ClCompile Include="C:\Users\Jarno\Documents\GitHub\RideWeather\rapidjson\test\unittest\fwdtest.cpp">
      <Filter>Source Files</Filter>
    </ClCompile>
    <ClCompile Include="C:\Users\Jarno\Documents\GitHub\RideWeather\rapidjson\test\unittest\filestreamtest.cpp">
      <Filter>Source Files</Filter>
    </ClCompile>
    <ClCompile Include="C:\Users\Jarno\Documents\GitHub\RideWeather\rapidjson\test\unittest\itoatest.cpp">
      <Filter>Source Files</Filter>
    </ClCompile>
    <ClCompile Include="C:\Users\Jarno\Documents\GitHub\RideWeather\rapidjson\test\unittest\istreamwrappertest.cpp">
      <Filter>Source Files</Filter>
    </ClCompile>
    <ClCompile Include="C:\Users\Jarno\Documents\GitHub\RideWeather\rapidjson\test\unittest\jsoncheckertest.cpp">
      <Filter>Source Files</Filter>
    </ClCompile>
    <ClCompile Include="C:\Users\Jarno\Documents\GitHub\RideWeather\rapidjson\test\unittest\namespacetest.cpp">
      <Filter>Source Files</Filter>
    </ClCompile>
    <ClCompile Include="C:\Users\Jarno\Documents\GitHub\RideWeather\rapidjson\test\unittest\pointertest.cpp">
      <Filter>Source Files</Filter>
    </ClCompile>
    <ClCompile Include="C:\Users\Jarno\Documents\GitHub\RideWeather\rapidjson\test\unittest\prettywritertest.cpp">
      <Filter>Source Files</Filter>
    </ClCompile>
    <ClCompile Include="C:\Users\Jarno\Documents\GitHub\RideWeather\rapidjson\test\unittest\ostreamwrappertest.cpp">
      <Filter>Source Files</Filter>
    </ClCompile>
    <ClCompile Include="C:\Users\Jarno\Documents\GitHub\RideWeather\rapidjson\test\unittest\readertest.cpp">
      <Filter>Source Files</Filter>
    </ClCompile>
    <ClCompile Include="C:\Users\Jarno\Documents\GitHub\RideWeather\rapidjson\test\unittest\regextest.cpp">
      <Filter>Source Files</Filter>
    </ClCompile>
    <ClCompile Include="C:\Users\Jarno\Documents\GitHub\RideWeather\rapidjson\test\unittest\schematest.cpp">
      <Filter>Source Files</Filter>
    </ClCompile>
    <ClCompile Include="C:\Users\Jarno\Documents\GitHub\RideWeather\rapidjson\test\unittest\simdtest.cpp">
      <Filter>Source Files</Filter>
    </ClCompile>
    <ClCompile Include="C:\Users\Jarno\Documents\GitHub\RideWeather\rapidjson\test\unittest\strfunctest.cpp">
      <Filter>Source Files</Filter>
    </ClCompile>
    <ClCompile Include="C:\Users\Jarno\Documents\GitHub\RideWeather\rapidjson\test\unittest\stringbuffertest.cpp">
      <Filter>Source Files</Filter>
    </ClCompile>
    <ClCompile Include="C:\Users\Jarno\Documents\GitHub\RideWeather\rapidjson\test\unittest\strtodtest.cpp">
      <Filter>Source Files</Filter>
    </ClCompile>
    <ClCompile Include="C:\Users\Jarno\Documents\GitHub\RideWeather\rapidjson\test\unittest\unittest.cpp">
      <Filter>Source Files</Filter>
    </ClCompile>
    <ClCompile Include="C:\Users\Jarno\Documents\GitHub\RideWeather\rapidjson\test\unittest\valuetest.cpp">
      <Filter>Source Files</Filter>
    </ClCompile>
    <ClCompile Include="C:\Users\Jarno\Documents\GitHub\RideWeather\rapidjson\test\unittest\writertest.cpp">
      <Filter>Source Files</Filter>
    </ClCompile>
  </ItemGroup>
  <ItemGroup>
    <CustomBuild Include="C:\Users\Jarno\Documents\GitHub\RideWeather\rapidjson\test\unittest\CMakeLists.txt" />
  </ItemGroup>
  <ItemGroup>
    <Filter Include="Source Files">
      <UniqueIdentifier>{D9D116A1-3FBB-3B71-B25E-95D06F20E56E}</UniqueIdentifier>
    </Filter>
  </ItemGroup>
</Project>
