Microsoft Visual Studio Solution File, Format Version 12.00
# Visual Studio 16
Project("{2150E333-8FDC-42A3-9474-1A3956D46DE8}") = "CMake", "CMake", "{549387B0-0822-3001-A381-73639F77C07B}"
EndProject
Project("{2150E333-8FDC-42A3-9474-1A3956D46DE8}") = "external", "external", "{77121B0A-3B8B-3DE0-A7D2-979CD6A7C912}"
EndProject
Project("{8BC9CEB8-8B4A-11D0-8D11-00A0C91BC942}") = "ALL_BUILD", "ALL_BUILD.vcxproj", "{A17D9BCC-9E2D-3720-A769-797629F02FF8}"
	ProjectSection(ProjectDependencies) = postProject
		{D9F6B349-8048-3F80-B958-B165CA4FABDC} = {D9F6B349-8048-3F80-B958-B165CA4FABDC}
		{9D02E10E-5854-3878-ADDC-4C09D50B33F2} = {9D02E10E-5854-3878-ADDC-4C09D50B33F2}
	EndProjectSection
EndProject
Project("{8BC9CEB8-8B4A-11D0-8D11-00A0C91BC942}") = "INSTALL", "INSTALL.vcxproj", "{C40FD47E-0EC1-3A94-90DE-655379630FE1}"
	ProjectSection(ProjectDependencies) = postProject
		{A17D9BCC-9E2D-3720-A769-797629F02FF8} = {A17D9BCC-9E2D-3720-A769-797629F02FF8}
		{D9F6B349-8048-3F80-B958-B165CA4FABDC} = {D9F6B349-8048-3F80-B958-B165CA4FABDC}
	EndProjectSection
EndProject
Project("{8BC9CEB8-8B4A-11D0-8D11-00A0C91BC942}") = "ZERO_CHECK", "..\..\\ZERO_CHECK.vcxproj", "{D9F6B349-8048-3F80-B958-B165CA4FABDC}"
	ProjectSection(ProjectDependencies) = postProject
	EndProjectSection
EndProject
Project("{8BC9CEB8-8B4A-11D0-8D11-00A0C91BC942}") = "libcurl", "lib\libcurl.vcxproj", "{9D02E10E-5854-3878-ADDC-4C09D50B33F2}"
	ProjectSection(ProjectDependencies) = postProject
		{D9F6B349-8048-3F80-B958-B165CA4FABDC} = {D9F6B349-8048-3F80-B958-B165CA4FABDC}
	EndProjectSection
EndProject
Project("{8BC9CEB8-8B4A-11D0-8D11-00A0C91BC942}") = "uninstall", "uninstall.vcxproj", "{518784EF-9905-3B08-99D2-411468C4007E}"
	ProjectSection(ProjectDependencies) = postProject
		{D9F6B349-8048-3F80-B958-B165CA4FABDC} = {D9F6B349-8048-3F80-B958-B165CA4FABDC}
	EndProjectSection
EndProject
Global
	GlobalSection(SolutionConfigurationPlatforms) = preSolution
		Debug|x64 = Debug|x64
		Release|x64 = Release|x64
		MinSizeRel|x64 = MinSizeRel|x64
		RelWithDebInfo|x64 = RelWithDebInfo|x64
	EndGlobalSection
	GlobalSection(ProjectConfigurationPlatforms) = postSolution
		{A17D9BCC-9E2D-3720-A769-797629F02FF8}.Debug|x64.ActiveCfg = Debug|x64
		{A17D9BCC-9E2D-3720-A769-797629F02FF8}.Debug|x64.Build.0 = Debug|x64
		{A17D9BCC-9E2D-3720-A769-797629F02FF8}.Release|x64.ActiveCfg = Release|x64
		{A17D9BCC-9E2D-3720-A769-797629F02FF8}.Release|x64.Build.0 = Release|x64
		{A17D9BCC-9E2D-3720-A769-797629F02FF8}.MinSizeRel|x64.ActiveCfg = MinSizeRel|x64
		{A17D9BCC-9E2D-3720-A769-797629F02FF8}.MinSizeRel|x64.Build.0 = MinSizeRel|x64
		{A17D9BCC-9E2D-3720-A769-797629F02FF8}.RelWithDebInfo|x64.ActiveCfg = RelWithDebInfo|x64
		{A17D9BCC-9E2D-3720-A769-797629F02FF8}.RelWithDebInfo|x64.Build.0 = RelWithDebInfo|x64
		{C40FD47E-0EC1-3A94-90DE-655379630FE1}.Debug|x64.ActiveCfg = Debug|x64
		{C40FD47E-0EC1-3A94-90DE-655379630FE1}.Release|x64.ActiveCfg = Release|x64
		{C40FD47E-0EC1-3A94-90DE-655379630FE1}.MinSizeRel|x64.ActiveCfg = MinSizeRel|x64
		{C40FD47E-0EC1-3A94-90DE-655379630FE1}.RelWithDebInfo|x64.ActiveCfg = RelWithDebInfo|x64
		{D9F6B349-8048-3F80-B958-B165CA4FABDC}.Debug|x64.ActiveCfg = Debug|x64
		{D9F6B349-8048-3F80-B958-B165CA4FABDC}.Debug|x64.Build.0 = Debug|x64
		{D9F6B349-8048-3F80-B958-B165CA4FABDC}.Release|x64.ActiveCfg = Release|x64
		{D9F6B349-8048-3F80-B958-B165CA4FABDC}.Release|x64.Build.0 = Release|x64
		{D9F6B349-8048-3F80-B958-B165CA4FABDC}.MinSizeRel|x64.ActiveCfg = MinSizeRel|x64
		{D9F6B349-8048-3F80-B958-B165CA4FABDC}.MinSizeRel|x64.Build.0 = MinSizeRel|x64
		{D9F6B349-8048-3F80-B958-B165CA4FABDC}.RelWithDebInfo|x64.ActiveCfg = RelWithDebInfo|x64
		{D9F6B349-8048-3F80-B958-B165CA4FABDC}.RelWithDebInfo|x64.Build.0 = RelWithDebInfo|x64
		{9D02E10E-5854-3878-ADDC-4C09D50B33F2}.Debug|x64.ActiveCfg = Debug|x64
		{9D02E10E-5854-3878-ADDC-4C09D50B33F2}.Debug|x64.Build.0 = Debug|x64
		{9D02E10E-5854-3878-ADDC-4C09D50B33F2}.Release|x64.ActiveCfg = Release|x64
		{9D02E10E-5854-3878-ADDC-4C09D50B33F2}.Release|x64.Build.0 = Release|x64
		{9D02E10E-5854-3878-ADDC-4C09D50B33F2}.MinSizeRel|x64.ActiveCfg = MinSizeRel|x64
		{9D02E10E-5854-3878-ADDC-4C09D50B33F2}.MinSizeRel|x64.Build.0 = MinSizeRel|x64
		{9D02E10E-5854-3878-ADDC-4C09D50B33F2}.RelWithDebInfo|x64.ActiveCfg = RelWithDebInfo|x64
		{9D02E10E-5854-3878-ADDC-4C09D50B33F2}.RelWithDebInfo|x64.Build.0 = RelWithDebInfo|x64
		{518784EF-9905-3B08-99D2-411468C4007E}.Debug|x64.ActiveCfg = Debug|x64
		{518784EF-9905-3B08-99D2-411468C4007E}.Release|x64.ActiveCfg = Release|x64
		{518784EF-9905-3B08-99D2-411468C4007E}.MinSizeRel|x64.ActiveCfg = MinSizeRel|x64
		{518784EF-9905-3B08-99D2-411468C4007E}.RelWithDebInfo|x64.ActiveCfg = RelWithDebInfo|x64
	EndGlobalSection
	GlobalSection(NestedProjects) = preSolution
		{A17D9BCC-9E2D-3720-A769-797629F02FF8} = {549387B0-0822-3001-A381-73639F77C07B}
		{C40FD47E-0EC1-3A94-90DE-655379630FE1} = {549387B0-0822-3001-A381-73639F77C07B}
		{D9F6B349-8048-3F80-B958-B165CA4FABDC} = {549387B0-0822-3001-A381-73639F77C07B}
		{9D02E10E-5854-3878-ADDC-4C09D50B33F2} = {77121B0A-3B8B-3DE0-A7D2-979CD6A7C912}
	EndGlobalSection
	GlobalSection(ExtensibilityGlobals) = postSolution
		SolutionGuid = {CBDF7A87-0D88-3DA8-AEE7-EFC4D490EF7F}
	EndGlobalSection
	GlobalSection(ExtensibilityAddIns) = postSolution
	EndGlobalSection
EndGlobal
