<?xml version="1.0" encoding="utf-8"?>
<Project ToolsVersion="16.0" xmlns="http://schemas.microsoft.com/developer/msbuild/2003">
  <ItemGroup>
    <CustomBuild Include="C:\Users\Jarno\Documents\GitHub\RideWeather\targets\vs2019\rapidjson\CMakeFiles\d22c805cf0e719819260bdda506548c6\INSTALL_force.rule">
      <Filter>CMake Rules</Filter>
    </CustomBuild>
  </ItemGroup>
  <ItemGroup>
    <Filter Include="CMake Rules">
      <UniqueIdentifier>{6DC5DDD1-38A2-383A-8640-BE4F5D9E7664}</UniqueIdentifier>
    </Filter>
  </ItemGroup>
</Project>
