<?xml version="1.0" encoding="utf-8"?>
<Project ToolsVersion="16.0" xmlns="http://schemas.microsoft.com/developer/msbuild/2003">
  <ItemGroup>
    <CustomBuild Include="C:\Users\Jarno\Documents\GitHub\RideWeather\targets\vs2019\rapidjson\CMakeFiles\3bf91b61bfa56e381926fc6b474cd93b\NightlyMemoryCheck.rule">
      <Filter>CMake Rules</Filter>
    </CustomBuild>
    <CustomBuild Include="C:\Users\Jarno\Documents\GitHub\RideWeather\rapidjson\CMakeLists.txt" />
  </ItemGroup>
  <ItemGroup>
    <None Include="C:\Users\Jarno\Documents\GitHub\RideWeather\targets\vs2019\rapidjson\CMakeFiles\NightlyMemoryCheck" />
  </ItemGroup>
  <ItemGroup>
    <Filter Include="CMake Rules">
      <UniqueIdentifier>{6DC5DDD1-38A2-383A-8640-BE4F5D9E7664}</UniqueIdentifier>
    </Filter>
  </ItemGroup>
</Project>
