Microsoft Visual Studio Solution File, Format Version 12.00
# Visual Studio 16
Project("{8BC9CEB8-8B4A-11D0-8D11-00A0C91BC942}") = "ALL_BUILD", "ALL_BUILD.vcxproj", "{7F779017-33FF-3328-8C47-D7FD8C40AC91}"
	ProjectSection(ProjectDependencies) = postProject
		{C1B93FA8-5B10-331A-B837-0BBEE7D7D51C} = {C1B93FA8-5B10-331A-B837-0BBEE7D7D51C}
		{4CDF8A3B-0242-340D-84C6-2ADBD00B423F} = {4CDF8A3B-0242-340D-84C6-2ADBD00B423F}
		{9B689EB1-CB80-34AD-845A-794332CC1C53} = {9B689EB1-CB80-34AD-845A-794332CC1C53}
		{DFA45ED1-FEC0-331F-A379-EFBDB7024C63} = {DFA45ED1-FEC0-331F-A379-EFBDB7024C63}
		{453E501B-4593-33A3-B331-CFC77E46D16D} = {453E501B-4593-33A3-B331-CFC77E46D16D}
		{9092690F-6B01-30B7-B0C3-CA46E869EC75} = {9092690F-6B01-30B7-B0C3-CA46E869EC75}
		{6DA57E9F-B382-39BA-BC53-4426256584F2} = {6DA57E9F-B382-39BA-BC53-4426256584F2}
		{06072FAD-7442-3AD3-B245-91D11D2235BD} = {06072FAD-7442-3AD3-B245-91D11D2235BD}
		{1B606A38-8B3C-3E2E-89C8-B4B8B0D164C5} = {1B606A38-8B3C-3E2E-89C8-B4B8B0D164C5}
		{E1084A9A-FF5E-3ECC-BAAF-412E9D018EB7} = {E1084A9A-FF5E-3ECC-BAAF-412E9D018EB7}
		{61612A51-32F0-38CB-81AE-D4DA35C111BC} = {61612A51-32F0-38CB-81AE-D4DA35C111BC}
		{5C2853EA-F89F-380A-B0E5-1BA9EA61B4C2} = {5C2853EA-F89F-380A-B0E5-1BA9EA61B4C2}
		{60322066-A588-32B1-B27D-9B06A1ED1263} = {60322066-A588-32B1-B27D-9B06A1ED1263}
		{02F70266-5C81-379C-973D-C20088CE786E} = {02F70266-5C81-379C-973D-C20088CE786E}
		{2E6F2C01-F407-3355-9E0D-B5DE275DDC37} = {2E6F2C01-F407-3355-9E0D-B5DE275DDC37}
		{E00D2BD5-701A-35D4-838D-5EFF415939E9} = {E00D2BD5-701A-35D4-838D-5EFF415939E9}
		{B8020F19-E0CF-3935-A3A8-3745B4C18B75} = {B8020F19-E0CF-3935-A3A8-3745B4C18B75}
		{1E79B870-D406-3112-8FD3-85A9C6E084DB} = {1E79B870-D406-3112-8FD3-85A9C6E084DB}
		{E9F57CB9-9F7C-31BC-A977-4128330B6553} = {E9F57CB9-9F7C-31BC-A977-4128330B6553}
		{2AC1DE30-6572-3819-B0F8-357824A5A90B} = {2AC1DE30-6572-3819-B0F8-357824A5A90B}
		{1FAE61DB-6847-39B1-A598-15318F4CC16C} = {1FAE61DB-6847-39B1-A598-15318F4CC16C}
		{56DB5D8A-EE16-3273-B8E6-D2EECAC5F56D} = {56DB5D8A-EE16-3273-B8E6-D2EECAC5F56D}
		{C59C5A1F-4EFB-3DA6-B3DA-E16F3FB127FE} = {C59C5A1F-4EFB-3DA6-B3DA-E16F3FB127FE}
		{90EA5D7E-75D6-391F-9097-7C8D32C339CF} = {90EA5D7E-75D6-391F-9097-7C8D32C339CF}
		{0F96D4A2-5AF5-34F9-8EC3-1C4932CCD156} = {0F96D4A2-5AF5-34F9-8EC3-1C4932CCD156}
		{77F98AF3-64A3-3FDC-BEB3-569DC546DFB5} = {77F98AF3-64A3-3FDC-BEB3-569DC546DFB5}
		{22279E61-2090-39D0-BD2E-646A8CA63143} = {22279E61-2090-39D0-BD2E-646A8CA63143}
	EndProjectSection
EndProject
Project("{8BC9CEB8-8B4A-11D0-8D11-00A0C91BC942}") = "Continuous", "Continuous.vcxproj", "{17C6BAE9-46BA-3B2D-9DBA-902BFA166EAE}"
	ProjectSection(ProjectDependencies) = postProject
		{C1B93FA8-5B10-331A-B837-0BBEE7D7D51C} = {C1B93FA8-5B10-331A-B837-0BBEE7D7D51C}
	EndProjectSection
EndProject
Project("{8BC9CEB8-8B4A-11D0-8D11-00A0C91BC942}") = "Experimental", "Experimental.vcxproj", "{70188247-6FEF-3F44-BCAD-3170EBDEA616}"
	ProjectSection(ProjectDependencies) = postProject
		{C1B93FA8-5B10-331A-B837-0BBEE7D7D51C} = {C1B93FA8-5B10-331A-B837-0BBEE7D7D51C}
	EndProjectSection
EndProject
Project("{8BC9CEB8-8B4A-11D0-8D11-00A0C91BC942}") = "INSTALL", "INSTALL.vcxproj", "{72DB640A-A9EC-3185-BD5F-613ABADB3BAB}"
	ProjectSection(ProjectDependencies) = postProject
		{7F779017-33FF-3328-8C47-D7FD8C40AC91} = {7F779017-33FF-3328-8C47-D7FD8C40AC91}
		{C1B93FA8-5B10-331A-B837-0BBEE7D7D51C} = {C1B93FA8-5B10-331A-B837-0BBEE7D7D51C}
	EndProjectSection
EndProject
Project("{8BC9CEB8-8B4A-11D0-8D11-00A0C91BC942}") = "Nightly", "Nightly.vcxproj", "{5090E381-3280-3673-9ED6-B1D0C1D477C5}"
	ProjectSection(ProjectDependencies) = postProject
		{C1B93FA8-5B10-331A-B837-0BBEE7D7D51C} = {C1B93FA8-5B10-331A-B837-0BBEE7D7D51C}
	EndProjectSection
EndProject
Project("{8BC9CEB8-8B4A-11D0-8D11-00A0C91BC942}") = "NightlyMemoryCheck", "NightlyMemoryCheck.vcxproj", "{318F52BF-6589-32B3-956B-E96D04B0ED03}"
	ProjectSection(ProjectDependencies) = postProject
		{C1B93FA8-5B10-331A-B837-0BBEE7D7D51C} = {C1B93FA8-5B10-331A-B837-0BBEE7D7D51C}
	EndProjectSection
EndProject
Project("{8BC9CEB8-8B4A-11D0-8D11-00A0C91BC942}") = "RUN_TESTS", "RUN_TESTS.vcxproj", "{1A3B4552-4484-396D-A01F-277B158E233E}"
	ProjectSection(ProjectDependencies) = postProject
		{C1B93FA8-5B10-331A-B837-0BBEE7D7D51C} = {C1B93FA8-5B10-331A-B837-0BBEE7D7D51C}
	EndProjectSection
EndProject
Project("{8BC9CEB8-8B4A-11D0-8D11-00A0C91BC942}") = "ZERO_CHECK", "ZERO_CHECK.vcxproj", "{C1B93FA8-5B10-331A-B837-0BBEE7D7D51C}"
	ProjectSection(ProjectDependencies) = postProject
	EndProjectSection
EndProject
Project("{8BC9CEB8-8B4A-11D0-8D11-00A0C91BC942}") = "archivertest", "example\archivertest.vcxproj", "{4CDF8A3B-0242-340D-84C6-2ADBD00B423F}"
	ProjectSection(ProjectDependencies) = postProject
		{C1B93FA8-5B10-331A-B837-0BBEE7D7D51C} = {C1B93FA8-5B10-331A-B837-0BBEE7D7D51C}
	EndProjectSection
EndProject
Project("{8BC9CEB8-8B4A-11D0-8D11-00A0C91BC942}") = "capitalize", "example\capitalize.vcxproj", "{9B689EB1-CB80-34AD-845A-794332CC1C53}"
	ProjectSection(ProjectDependencies) = postProject
		{C1B93FA8-5B10-331A-B837-0BBEE7D7D51C} = {C1B93FA8-5B10-331A-B837-0BBEE7D7D51C}
	EndProjectSection
EndProject
Project("{8BC9CEB8-8B4A-11D0-8D11-00A0C91BC942}") = "condense", "example\condense.vcxproj", "{DFA45ED1-FEC0-331F-A379-EFBDB7024C63}"
	ProjectSection(ProjectDependencies) = postProject
		{C1B93FA8-5B10-331A-B837-0BBEE7D7D51C} = {C1B93FA8-5B10-331A-B837-0BBEE7D7D51C}
	EndProjectSection
EndProject
Project("{8BC9CEB8-8B4A-11D0-8D11-00A0C91BC942}") = "examples", "example\examples.vcxproj", "{453E501B-4593-33A3-B331-CFC77E46D16D}"
	ProjectSection(ProjectDependencies) = postProject
		{C1B93FA8-5B10-331A-B837-0BBEE7D7D51C} = {C1B93FA8-5B10-331A-B837-0BBEE7D7D51C}
		{9B689EB1-CB80-34AD-845A-794332CC1C53} = {9B689EB1-CB80-34AD-845A-794332CC1C53}
		{DFA45ED1-FEC0-331F-A379-EFBDB7024C63} = {DFA45ED1-FEC0-331F-A379-EFBDB7024C63}
		{9092690F-6B01-30B7-B0C3-CA46E869EC75} = {9092690F-6B01-30B7-B0C3-CA46E869EC75}
		{6DA57E9F-B382-39BA-BC53-4426256584F2} = {6DA57E9F-B382-39BA-BC53-4426256584F2}
		{E1084A9A-FF5E-3ECC-BAAF-412E9D018EB7} = {E1084A9A-FF5E-3ECC-BAAF-412E9D018EB7}
		{61612A51-32F0-38CB-81AE-D4DA35C111BC} = {61612A51-32F0-38CB-81AE-D4DA35C111BC}
		{5C2853EA-F89F-380A-B0E5-1BA9EA61B4C2} = {5C2853EA-F89F-380A-B0E5-1BA9EA61B4C2}
		{02F70266-5C81-379C-973D-C20088CE786E} = {02F70266-5C81-379C-973D-C20088CE786E}
		{E00D2BD5-701A-35D4-838D-5EFF415939E9} = {E00D2BD5-701A-35D4-838D-5EFF415939E9}
		{B8020F19-E0CF-3935-A3A8-3745B4C18B75} = {B8020F19-E0CF-3935-A3A8-3745B4C18B75}
		{1E79B870-D406-3112-8FD3-85A9C6E084DB} = {1E79B870-D406-3112-8FD3-85A9C6E084DB}
		{E9F57CB9-9F7C-31BC-A977-4128330B6553} = {E9F57CB9-9F7C-31BC-A977-4128330B6553}
		{2AC1DE30-6572-3819-B0F8-357824A5A90B} = {2AC1DE30-6572-3819-B0F8-357824A5A90B}
		{1FAE61DB-6847-39B1-A598-15318F4CC16C} = {1FAE61DB-6847-39B1-A598-15318F4CC16C}
		{56DB5D8A-EE16-3273-B8E6-D2EECAC5F56D} = {56DB5D8A-EE16-3273-B8E6-D2EECAC5F56D}
		{C59C5A1F-4EFB-3DA6-B3DA-E16F3FB127FE} = {C59C5A1F-4EFB-3DA6-B3DA-E16F3FB127FE}
		{90EA5D7E-75D6-391F-9097-7C8D32C339CF} = {90EA5D7E-75D6-391F-9097-7C8D32C339CF}
		{77F98AF3-64A3-3FDC-BEB3-569DC546DFB5} = {77F98AF3-64A3-3FDC-BEB3-569DC546DFB5}
	EndProjectSection
EndProject
Project("{8BC9CEB8-8B4A-11D0-8D11-00A0C91BC942}") = "filterkey", "example\filterkey.vcxproj", "{9092690F-6B01-30B7-B0C3-CA46E869EC75}"
	ProjectSection(ProjectDependencies) = postProject
		{C1B93FA8-5B10-331A-B837-0BBEE7D7D51C} = {C1B93FA8-5B10-331A-B837-0BBEE7D7D51C}
	EndProjectSection
EndProject
Project("{8BC9CEB8-8B4A-11D0-8D11-00A0C91BC942}") = "filterkeydom", "example\filterkeydom.vcxproj", "{6DA57E9F-B382-39BA-BC53-4426256584F2}"
	ProjectSection(ProjectDependencies) = postProject
		{C1B93FA8-5B10-331A-B837-0BBEE7D7D51C} = {C1B93FA8-5B10-331A-B837-0BBEE7D7D51C}
	EndProjectSection
EndProject
Project("{8BC9CEB8-8B4A-11D0-8D11-00A0C91BC942}") = "gtest", "googletest\gtest.vcxproj", "{06072FAD-7442-3AD3-B245-91D11D2235BD}"
	ProjectSection(ProjectDependencies) = postProject
		{C1B93FA8-5B10-331A-B837-0BBEE7D7D51C} = {C1B93FA8-5B10-331A-B837-0BBEE7D7D51C}
	EndProjectSection
EndProject
Project("{8BC9CEB8-8B4A-11D0-8D11-00A0C91BC942}") = "gtest_main", "googletest\gtest_main.vcxproj", "{1B606A38-8B3C-3E2E-89C8-B4B8B0D164C5}"
	ProjectSection(ProjectDependencies) = postProject
		{C1B93FA8-5B10-331A-B837-0BBEE7D7D51C} = {C1B93FA8-5B10-331A-B837-0BBEE7D7D51C}
		{06072FAD-7442-3AD3-B245-91D11D2235BD} = {06072FAD-7442-3AD3-B245-91D11D2235BD}
	EndProjectSection
EndProject
Project("{8BC9CEB8-8B4A-11D0-8D11-00A0C91BC942}") = "jsonx", "example\jsonx.vcxproj", "{E1084A9A-FF5E-3ECC-BAAF-412E9D018EB7}"
	ProjectSection(ProjectDependencies) = postProject
		{C1B93FA8-5B10-331A-B837-0BBEE7D7D51C} = {C1B93FA8-5B10-331A-B837-0BBEE7D7D51C}
	EndProjectSection
EndProject
Project("{8BC9CEB8-8B4A-11D0-8D11-00A0C91BC942}") = "lookaheadparser", "example\lookaheadparser.vcxproj", "{61612A51-32F0-38CB-81AE-D4DA35C111BC}"
	ProjectSection(ProjectDependencies) = postProject
		{C1B93FA8-5B10-331A-B837-0BBEE7D7D51C} = {C1B93FA8-5B10-331A-B837-0BBEE7D7D51C}
	EndProjectSection
EndProject
Project("{8BC9CEB8-8B4A-11D0-8D11-00A0C91BC942}") = "messagereader", "example\messagereader.vcxproj", "{5C2853EA-F89F-380A-B0E5-1BA9EA61B4C2}"
	ProjectSection(ProjectDependencies) = postProject
		{C1B93FA8-5B10-331A-B837-0BBEE7D7D51C} = {C1B93FA8-5B10-331A-B837-0BBEE7D7D51C}
	EndProjectSection
EndProject
Project("{8BC9CEB8-8B4A-11D0-8D11-00A0C91BC942}") = "namespacetest", "test\unittest\namespacetest.vcxproj", "{60322066-A588-32B1-B27D-9B06A1ED1263}"
	ProjectSection(ProjectDependencies) = postProject
		{C1B93FA8-5B10-331A-B837-0BBEE7D7D51C} = {C1B93FA8-5B10-331A-B837-0BBEE7D7D51C}
	EndProjectSection
EndProject
Project("{8BC9CEB8-8B4A-11D0-8D11-00A0C91BC942}") = "parsebyparts", "example\parsebyparts.vcxproj", "{02F70266-5C81-379C-973D-C20088CE786E}"
	ProjectSection(ProjectDependencies) = postProject
		{C1B93FA8-5B10-331A-B837-0BBEE7D7D51C} = {C1B93FA8-5B10-331A-B837-0BBEE7D7D51C}
	EndProjectSection
EndProject
Project("{8BC9CEB8-8B4A-11D0-8D11-00A0C91BC942}") = "perftest", "test\perftest\perftest.vcxproj", "{2E6F2C01-F407-3355-9E0D-B5DE275DDC37}"
	ProjectSection(ProjectDependencies) = postProject
		{C1B93FA8-5B10-331A-B837-0BBEE7D7D51C} = {C1B93FA8-5B10-331A-B837-0BBEE7D7D51C}
		{06072FAD-7442-3AD3-B245-91D11D2235BD} = {06072FAD-7442-3AD3-B245-91D11D2235BD}
		{1B606A38-8B3C-3E2E-89C8-B4B8B0D164C5} = {1B606A38-8B3C-3E2E-89C8-B4B8B0D164C5}
	EndProjectSection
EndProject
Project("{8BC9CEB8-8B4A-11D0-8D11-00A0C91BC942}") = "pretty", "example\pretty.vcxproj", "{E00D2BD5-701A-35D4-838D-5EFF415939E9}"
	ProjectSection(ProjectDependencies) = postProject
		{C1B93FA8-5B10-331A-B837-0BBEE7D7D51C} = {C1B93FA8-5B10-331A-B837-0BBEE7D7D51C}
	EndProjectSection
EndProject
Project("{8BC9CEB8-8B4A-11D0-8D11-00A0C91BC942}") = "prettyauto", "example\prettyauto.vcxproj", "{B8020F19-E0CF-3935-A3A8-3745B4C18B75}"
	ProjectSection(ProjectDependencies) = postProject
		{C1B93FA8-5B10-331A-B837-0BBEE7D7D51C} = {C1B93FA8-5B10-331A-B837-0BBEE7D7D51C}
	EndProjectSection
EndProject
Project("{8BC9CEB8-8B4A-11D0-8D11-00A0C91BC942}") = "schemavalidator", "example\schemavalidator.vcxproj", "{1E79B870-D406-3112-8FD3-85A9C6E084DB}"
	ProjectSection(ProjectDependencies) = postProject
		{C1B93FA8-5B10-331A-B837-0BBEE7D7D51C} = {C1B93FA8-5B10-331A-B837-0BBEE7D7D51C}
	EndProjectSection
EndProject
Project("{8BC9CEB8-8B4A-11D0-8D11-00A0C91BC942}") = "serialize", "example\serialize.vcxproj", "{E9F57CB9-9F7C-31BC-A977-4128330B6553}"
	ProjectSection(ProjectDependencies) = postProject
		{C1B93FA8-5B10-331A-B837-0BBEE7D7D51C} = {C1B93FA8-5B10-331A-B837-0BBEE7D7D51C}
	EndProjectSection
EndProject
Project("{8BC9CEB8-8B4A-11D0-8D11-00A0C91BC942}") = "simpledom", "example\simpledom.vcxproj", "{2AC1DE30-6572-3819-B0F8-357824A5A90B}"
	ProjectSection(ProjectDependencies) = postProject
		{C1B93FA8-5B10-331A-B837-0BBEE7D7D51C} = {C1B93FA8-5B10-331A-B837-0BBEE7D7D51C}
	EndProjectSection
EndProject
Project("{8BC9CEB8-8B4A-11D0-8D11-00A0C91BC942}") = "simplepullreader", "example\simplepullreader.vcxproj", "{1FAE61DB-6847-39B1-A598-15318F4CC16C}"
	ProjectSection(ProjectDependencies) = postProject
		{C1B93FA8-5B10-331A-B837-0BBEE7D7D51C} = {C1B93FA8-5B10-331A-B837-0BBEE7D7D51C}
	EndProjectSection
EndProject
Project("{8BC9CEB8-8B4A-11D0-8D11-00A0C91BC942}") = "simplereader", "example\simplereader.vcxproj", "{56DB5D8A-EE16-3273-B8E6-D2EECAC5F56D}"
	ProjectSection(ProjectDependencies) = postProject
		{C1B93FA8-5B10-331A-B837-0BBEE7D7D51C} = {C1B93FA8-5B10-331A-B837-0BBEE7D7D51C}
	EndProjectSection
EndProject
Project("{8BC9CEB8-8B4A-11D0-8D11-00A0C91BC942}") = "simplewriter", "example\simplewriter.vcxproj", "{C59C5A1F-4EFB-3DA6-B3DA-E16F3FB127FE}"
	ProjectSection(ProjectDependencies) = postProject
		{C1B93FA8-5B10-331A-B837-0BBEE7D7D51C} = {C1B93FA8-5B10-331A-B837-0BBEE7D7D51C}
	EndProjectSection
EndProject
Project("{8BC9CEB8-8B4A-11D0-8D11-00A0C91BC942}") = "sortkeys", "example\sortkeys.vcxproj", "{90EA5D7E-75D6-391F-9097-7C8D32C339CF}"
	ProjectSection(ProjectDependencies) = postProject
		{C1B93FA8-5B10-331A-B837-0BBEE7D7D51C} = {C1B93FA8-5B10-331A-B837-0BBEE7D7D51C}
	EndProjectSection
EndProject
Project("{8BC9CEB8-8B4A-11D0-8D11-00A0C91BC942}") = "tests", "test\tests.vcxproj", "{0F96D4A2-5AF5-34F9-8EC3-1C4932CCD156}"
	ProjectSection(ProjectDependencies) = postProject
		{C1B93FA8-5B10-331A-B837-0BBEE7D7D51C} = {C1B93FA8-5B10-331A-B837-0BBEE7D7D51C}
		{2E6F2C01-F407-3355-9E0D-B5DE275DDC37} = {2E6F2C01-F407-3355-9E0D-B5DE275DDC37}
		{22279E61-2090-39D0-BD2E-646A8CA63143} = {22279E61-2090-39D0-BD2E-646A8CA63143}
	EndProjectSection
EndProject
Project("{8BC9CEB8-8B4A-11D0-8D11-00A0C91BC942}") = "travis_doc", "travis_doc.vcxproj", "{4DAEC2BF-A549-312D-AF04-762AAC661BE0}"
	ProjectSection(ProjectDependencies) = postProject
		{C1B93FA8-5B10-331A-B837-0BBEE7D7D51C} = {C1B93FA8-5B10-331A-B837-0BBEE7D7D51C}
	EndProjectSection
EndProject
Project("{8BC9CEB8-8B4A-11D0-8D11-00A0C91BC942}") = "tutorial", "example\tutorial.vcxproj", "{77F98AF3-64A3-3FDC-BEB3-569DC546DFB5}"
	ProjectSection(ProjectDependencies) = postProject
		{C1B93FA8-5B10-331A-B837-0BBEE7D7D51C} = {C1B93FA8-5B10-331A-B837-0BBEE7D7D51C}
	EndProjectSection
EndProject
Project("{8BC9CEB8-8B4A-11D0-8D11-00A0C91BC942}") = "unittest", "test\unittest\unittest.vcxproj", "{22279E61-2090-39D0-BD2E-646A8CA63143}"
	ProjectSection(ProjectDependencies) = postProject
		{C1B93FA8-5B10-331A-B837-0BBEE7D7D51C} = {C1B93FA8-5B10-331A-B837-0BBEE7D7D51C}
		{06072FAD-7442-3AD3-B245-91D11D2235BD} = {06072FAD-7442-3AD3-B245-91D11D2235BD}
		{1B606A38-8B3C-3E2E-89C8-B4B8B0D164C5} = {1B606A38-8B3C-3E2E-89C8-B4B8B0D164C5}
		{60322066-A588-32B1-B27D-9B06A1ED1263} = {60322066-A588-32B1-B27D-9B06A1ED1263}
	EndProjectSection
EndProject
Global
	GlobalSection(SolutionConfigurationPlatforms) = preSolution
		Debug|x64 = Debug|x64
		Release|x64 = Release|x64
		MinSizeRel|x64 = MinSizeRel|x64
		RelWithDebInfo|x64 = RelWithDebInfo|x64
	EndGlobalSection
	GlobalSection(ProjectConfigurationPlatforms) = postSolution
		{7F779017-33FF-3328-8C47-D7FD8C40AC91}.Debug|x64.ActiveCfg = Debug|x64
		{7F779017-33FF-3328-8C47-D7FD8C40AC91}.Debug|x64.Build.0 = Debug|x64
		{7F779017-33FF-3328-8C47-D7FD8C40AC91}.Release|x64.ActiveCfg = Release|x64
		{7F779017-33FF-3328-8C47-D7FD8C40AC91}.Release|x64.Build.0 = Release|x64
		{7F779017-33FF-3328-8C47-D7FD8C40AC91}.MinSizeRel|x64.ActiveCfg = MinSizeRel|x64
		{7F779017-33FF-3328-8C47-D7FD8C40AC91}.MinSizeRel|x64.Build.0 = MinSizeRel|x64
		{7F779017-33FF-3328-8C47-D7FD8C40AC91}.RelWithDebInfo|x64.ActiveCfg = RelWithDebInfo|x64
		{7F779017-33FF-3328-8C47-D7FD8C40AC91}.RelWithDebInfo|x64.Build.0 = RelWithDebInfo|x64
		{17C6BAE9-46BA-3B2D-9DBA-902BFA166EAE}.Debug|x64.ActiveCfg = Debug|x64
		{17C6BAE9-46BA-3B2D-9DBA-902BFA166EAE}.Release|x64.ActiveCfg = Release|x64
		{17C6BAE9-46BA-3B2D-9DBA-902BFA166EAE}.MinSizeRel|x64.ActiveCfg = MinSizeRel|x64
		{17C6BAE9-46BA-3B2D-9DBA-902BFA166EAE}.RelWithDebInfo|x64.ActiveCfg = RelWithDebInfo|x64
		{70188247-6FEF-3F44-BCAD-3170EBDEA616}.Debug|x64.ActiveCfg = Debug|x64
		{70188247-6FEF-3F44-BCAD-3170EBDEA616}.Release|x64.ActiveCfg = Release|x64
		{70188247-6FEF-3F44-BCAD-3170EBDEA616}.MinSizeRel|x64.ActiveCfg = MinSizeRel|x64
		{70188247-6FEF-3F44-BCAD-3170EBDEA616}.RelWithDebInfo|x64.ActiveCfg = RelWithDebInfo|x64
		{72DB640A-A9EC-3185-BD5F-613ABADB3BAB}.Debug|x64.ActiveCfg = Debug|x64
		{72DB640A-A9EC-3185-BD5F-613ABADB3BAB}.Release|x64.ActiveCfg = Release|x64
		{72DB640A-A9EC-3185-BD5F-613ABADB3BAB}.MinSizeRel|x64.ActiveCfg = MinSizeRel|x64
		{72DB640A-A9EC-3185-BD5F-613ABADB3BAB}.RelWithDebInfo|x64.ActiveCfg = RelWithDebInfo|x64
		{5090E381-3280-3673-9ED6-B1D0C1D477C5}.Debug|x64.ActiveCfg = Debug|x64
		{5090E381-3280-3673-9ED6-B1D0C1D477C5}.Release|x64.ActiveCfg = Release|x64
		{5090E381-3280-3673-9ED6-B1D0C1D477C5}.MinSizeRel|x64.ActiveCfg = MinSizeRel|x64
		{5090E381-3280-3673-9ED6-B1D0C1D477C5}.RelWithDebInfo|x64.ActiveCfg = RelWithDebInfo|x64
		{318F52BF-6589-32B3-956B-E96D04B0ED03}.Debug|x64.ActiveCfg = Debug|x64
		{318F52BF-6589-32B3-956B-E96D04B0ED03}.Release|x64.ActiveCfg = Release|x64
		{318F52BF-6589-32B3-956B-E96D04B0ED03}.MinSizeRel|x64.ActiveCfg = MinSizeRel|x64
		{318F52BF-6589-32B3-956B-E96D04B0ED03}.RelWithDebInfo|x64.ActiveCfg = RelWithDebInfo|x64
		{1A3B4552-4484-396D-A01F-277B158E233E}.Debug|x64.ActiveCfg = Debug|x64
		{1A3B4552-4484-396D-A01F-277B158E233E}.Release|x64.ActiveCfg = Release|x64
		{1A3B4552-4484-396D-A01F-277B158E233E}.MinSizeRel|x64.ActiveCfg = MinSizeRel|x64
		{1A3B4552-4484-396D-A01F-277B158E233E}.RelWithDebInfo|x64.ActiveCfg = RelWithDebInfo|x64
		{C1B93FA8-5B10-331A-B837-0BBEE7D7D51C}.Debug|x64.ActiveCfg = Debug|x64
		{C1B93FA8-5B10-331A-B837-0BBEE7D7D51C}.Debug|x64.Build.0 = Debug|x64
		{C1B93FA8-5B10-331A-B837-0BBEE7D7D51C}.Release|x64.ActiveCfg = Release|x64
		{C1B93FA8-5B10-331A-B837-0BBEE7D7D51C}.Release|x64.Build.0 = Release|x64
		{C1B93FA8-5B10-331A-B837-0BBEE7D7D51C}.MinSizeRel|x64.ActiveCfg = MinSizeRel|x64
		{C1B93FA8-5B10-331A-B837-0BBEE7D7D51C}.MinSizeRel|x64.Build.0 = MinSizeRel|x64
		{C1B93FA8-5B10-331A-B837-0BBEE7D7D51C}.RelWithDebInfo|x64.ActiveCfg = RelWithDebInfo|x64
		{C1B93FA8-5B10-331A-B837-0BBEE7D7D51C}.RelWithDebInfo|x64.Build.0 = RelWithDebInfo|x64
		{4CDF8A3B-0242-340D-84C6-2ADBD00B423F}.Debug|x64.ActiveCfg = Debug|x64
		{4CDF8A3B-0242-340D-84C6-2ADBD00B423F}.Debug|x64.Build.0 = Debug|x64
		{4CDF8A3B-0242-340D-84C6-2ADBD00B423F}.Release|x64.ActiveCfg = Release|x64
		{4CDF8A3B-0242-340D-84C6-2ADBD00B423F}.Release|x64.Build.0 = Release|x64
		{4CDF8A3B-0242-340D-84C6-2ADBD00B423F}.MinSizeRel|x64.ActiveCfg = MinSizeRel|x64
		{4CDF8A3B-0242-340D-84C6-2ADBD00B423F}.MinSizeRel|x64.Build.0 = MinSizeRel|x64
		{4CDF8A3B-0242-340D-84C6-2ADBD00B423F}.RelWithDebInfo|x64.ActiveCfg = RelWithDebInfo|x64
		{4CDF8A3B-0242-340D-84C6-2ADBD00B423F}.RelWithDebInfo|x64.Build.0 = RelWithDebInfo|x64
		{9B689EB1-CB80-34AD-845A-794332CC1C53}.Debug|x64.ActiveCfg = Debug|x64
		{9B689EB1-CB80-34AD-845A-794332CC1C53}.Debug|x64.Build.0 = Debug|x64
		{9B689EB1-CB80-34AD-845A-794332CC1C53}.Release|x64.ActiveCfg = Release|x64
		{9B689EB1-CB80-34AD-845A-794332CC1C53}.Release|x64.Build.0 = Release|x64
		{9B689EB1-CB80-34AD-845A-794332CC1C53}.MinSizeRel|x64.ActiveCfg = MinSizeRel|x64
		{9B689EB1-CB80-34AD-845A-794332CC1C53}.MinSizeRel|x64.Build.0 = MinSizeRel|x64
		{9B689EB1-CB80-34AD-845A-794332CC1C53}.RelWithDebInfo|x64.ActiveCfg = RelWithDebInfo|x64
		{9B689EB1-CB80-34AD-845A-794332CC1C53}.RelWithDebInfo|x64.Build.0 = RelWithDebInfo|x64
		{DFA45ED1-FEC0-331F-A379-EFBDB7024C63}.Debug|x64.ActiveCfg = Debug|x64
		{DFA45ED1-FEC0-331F-A379-EFBDB7024C63}.Debug|x64.Build.0 = Debug|x64
		{DFA45ED1-FEC0-331F-A379-EFBDB7024C63}.Release|x64.ActiveCfg = Release|x64
		{DFA45ED1-FEC0-331F-A379-EFBDB7024C63}.Release|x64.Build.0 = Release|x64
		{DFA45ED1-FEC0-331F-A379-EFBDB7024C63}.MinSizeRel|x64.ActiveCfg = MinSizeRel|x64
		{DFA45ED1-FEC0-331F-A379-EFBDB7024C63}.MinSizeRel|x64.Build.0 = MinSizeRel|x64
		{DFA45ED1-FEC0-331F-A379-EFBDB7024C63}.RelWithDebInfo|x64.ActiveCfg = RelWithDebInfo|x64
		{DFA45ED1-FEC0-331F-A379-EFBDB7024C63}.RelWithDebInfo|x64.Build.0 = RelWithDebInfo|x64
		{453E501B-4593-33A3-B331-CFC77E46D16D}.Debug|x64.ActiveCfg = Debug|x64
		{453E501B-4593-33A3-B331-CFC77E46D16D}.Debug|x64.Build.0 = Debug|x64
		{453E501B-4593-33A3-B331-CFC77E46D16D}.Release|x64.ActiveCfg = Release|x64
		{453E501B-4593-33A3-B331-CFC77E46D16D}.Release|x64.Build.0 = Release|x64
		{453E501B-4593-33A3-B331-CFC77E46D16D}.MinSizeRel|x64.ActiveCfg = MinSizeRel|x64
		{453E501B-4593-33A3-B331-CFC77E46D16D}.MinSizeRel|x64.Build.0 = MinSizeRel|x64
		{453E501B-4593-33A3-B331-CFC77E46D16D}.RelWithDebInfo|x64.ActiveCfg = RelWithDebInfo|x64
		{453E501B-4593-33A3-B331-CFC77E46D16D}.RelWithDebInfo|x64.Build.0 = RelWithDebInfo|x64
		{9092690F-6B01-30B7-B0C3-CA46E869EC75}.Debug|x64.ActiveCfg = Debug|x64
		{9092690F-6B01-30B7-B0C3-CA46E869EC75}.Debug|x64.Build.0 = Debug|x64
		{9092690F-6B01-30B7-B0C3-CA46E869EC75}.Release|x64.ActiveCfg = Release|x64
		{9092690F-6B01-30B7-B0C3-CA46E869EC75}.Release|x64.Build.0 = Release|x64
		{9092690F-6B01-30B7-B0C3-CA46E869EC75}.MinSizeRel|x64.ActiveCfg = MinSizeRel|x64
		{9092690F-6B01-30B7-B0C3-CA46E869EC75}.MinSizeRel|x64.Build.0 = MinSizeRel|x64
		{9092690F-6B01-30B7-B0C3-CA46E869EC75}.RelWithDebInfo|x64.ActiveCfg = RelWithDebInfo|x64
		{9092690F-6B01-30B7-B0C3-CA46E869EC75}.RelWithDebInfo|x64.Build.0 = RelWithDebInfo|x64
		{6DA57E9F-B382-39BA-BC53-4426256584F2}.Debug|x64.ActiveCfg = Debug|x64
		{6DA57E9F-B382-39BA-BC53-4426256584F2}.Debug|x64.Build.0 = Debug|x64
		{6DA57E9F-B382-39BA-BC53-4426256584F2}.Release|x64.ActiveCfg = Release|x64
		{6DA57E9F-B382-39BA-BC53-4426256584F2}.Release|x64.Build.0 = Release|x64
		{6DA57E9F-B382-39BA-BC53-4426256584F2}.MinSizeRel|x64.ActiveCfg = MinSizeRel|x64
		{6DA57E9F-B382-39BA-BC53-4426256584F2}.MinSizeRel|x64.Build.0 = MinSizeRel|x64
		{6DA57E9F-B382-39BA-BC53-4426256584F2}.RelWithDebInfo|x64.ActiveCfg = RelWithDebInfo|x64
		{6DA57E9F-B382-39BA-BC53-4426256584F2}.RelWithDebInfo|x64.Build.0 = RelWithDebInfo|x64
		{06072FAD-7442-3AD3-B245-91D11D2235BD}.Debug|x64.ActiveCfg = Debug|x64
		{06072FAD-7442-3AD3-B245-91D11D2235BD}.Debug|x64.Build.0 = Debug|x64
		{06072FAD-7442-3AD3-B245-91D11D2235BD}.Release|x64.ActiveCfg = Release|x64
		{06072FAD-7442-3AD3-B245-91D11D2235BD}.Release|x64.Build.0 = Release|x64
		{06072FAD-7442-3AD3-B245-91D11D2235BD}.MinSizeRel|x64.ActiveCfg = MinSizeRel|x64
		{06072FAD-7442-3AD3-B245-91D11D2235BD}.MinSizeRel|x64.Build.0 = MinSizeRel|x64
		{06072FAD-7442-3AD3-B245-91D11D2235BD}.RelWithDebInfo|x64.ActiveCfg = RelWithDebInfo|x64
		{06072FAD-7442-3AD3-B245-91D11D2235BD}.RelWithDebInfo|x64.Build.0 = RelWithDebInfo|x64
		{1B606A38-8B3C-3E2E-89C8-B4B8B0D164C5}.Debug|x64.ActiveCfg = Debug|x64
		{1B606A38-8B3C-3E2E-89C8-B4B8B0D164C5}.Debug|x64.Build.0 = Debug|x64
		{1B606A38-8B3C-3E2E-89C8-B4B8B0D164C5}.Release|x64.ActiveCfg = Release|x64
		{1B606A38-8B3C-3E2E-89C8-B4B8B0D164C5}.Release|x64.Build.0 = Release|x64
		{1B606A38-8B3C-3E2E-89C8-B4B8B0D164C5}.MinSizeRel|x64.ActiveCfg = MinSizeRel|x64
		{1B606A38-8B3C-3E2E-89C8-B4B8B0D164C5}.MinSizeRel|x64.Build.0 = MinSizeRel|x64
		{1B606A38-8B3C-3E2E-89C8-B4B8B0D164C5}.RelWithDebInfo|x64.ActiveCfg = RelWithDebInfo|x64
		{1B606A38-8B3C-3E2E-89C8-B4B8B0D164C5}.RelWithDebInfo|x64.Build.0 = RelWithDebInfo|x64
		{E1084A9A-FF5E-3ECC-BAAF-412E9D018EB7}.Debug|x64.ActiveCfg = Debug|x64
		{E1084A9A-FF5E-3ECC-BAAF-412E9D018EB7}.Debug|x64.Build.0 = Debug|x64
		{E1084A9A-FF5E-3ECC-BAAF-412E9D018EB7}.Release|x64.ActiveCfg = Release|x64
		{E1084A9A-FF5E-3ECC-BAAF-412E9D018EB7}.Release|x64.Build.0 = Release|x64
		{E1084A9A-FF5E-3ECC-BAAF-412E9D018EB7}.MinSizeRel|x64.ActiveCfg = MinSizeRel|x64
		{E1084A9A-FF5E-3ECC-BAAF-412E9D018EB7}.MinSizeRel|x64.Build.0 = MinSizeRel|x64
		{E1084A9A-FF5E-3ECC-BAAF-412E9D018EB7}.RelWithDebInfo|x64.ActiveCfg = RelWithDebInfo|x64
		{E1084A9A-FF5E-3ECC-BAAF-412E9D018EB7}.RelWithDebInfo|x64.Build.0 = RelWithDebInfo|x64
		{61612A51-32F0-38CB-81AE-D4DA35C111BC}.Debug|x64.ActiveCfg = Debug|x64
		{61612A51-32F0-38CB-81AE-D4DA35C111BC}.Debug|x64.Build.0 = Debug|x64
		{61612A51-32F0-38CB-81AE-D4DA35C111BC}.Release|x64.ActiveCfg = Release|x64
		{61612A51-32F0-38CB-81AE-D4DA35C111BC}.Release|x64.Build.0 = Release|x64
		{61612A51-32F0-38CB-81AE-D4DA35C111BC}.MinSizeRel|x64.ActiveCfg = MinSizeRel|x64
		{61612A51-32F0-38CB-81AE-D4DA35C111BC}.MinSizeRel|x64.Build.0 = MinSizeRel|x64
		{61612A51-32F0-38CB-81AE-D4DA35C111BC}.RelWithDebInfo|x64.ActiveCfg = RelWithDebInfo|x64
		{61612A51-32F0-38CB-81AE-D4DA35C111BC}.RelWithDebInfo|x64.Build.0 = RelWithDebInfo|x64
		{5C2853EA-F89F-380A-B0E5-1BA9EA61B4C2}.Debug|x64.ActiveCfg = Debug|x64
		{5C2853EA-F89F-380A-B0E5-1BA9EA61B4C2}.Debug|x64.Build.0 = Debug|x64
		{5C2853EA-F89F-380A-B0E5-1BA9EA61B4C2}.Release|x64.ActiveCfg = Release|x64
		{5C2853EA-F89F-380A-B0E5-1BA9EA61B4C2}.Release|x64.Build.0 = Release|x64
		{5C2853EA-F89F-380A-B0E5-1BA9EA61B4C2}.MinSizeRel|x64.ActiveCfg = MinSizeRel|x64
		{5C2853EA-F89F-380A-B0E5-1BA9EA61B4C2}.MinSizeRel|x64.Build.0 = MinSizeRel|x64
		{5C2853EA-F89F-380A-B0E5-1BA9EA61B4C2}.RelWithDebInfo|x64.ActiveCfg = RelWithDebInfo|x64
		{5C2853EA-F89F-380A-B0E5-1BA9EA61B4C2}.RelWithDebInfo|x64.Build.0 = RelWithDebInfo|x64
		{60322066-A588-32B1-B27D-9B06A1ED1263}.Debug|x64.ActiveCfg = Debug|x64
		{60322066-A588-32B1-B27D-9B06A1ED1263}.Debug|x64.Build.0 = Debug|x64
		{60322066-A588-32B1-B27D-9B06A1ED1263}.Release|x64.ActiveCfg = Release|x64
		{60322066-A588-32B1-B27D-9B06A1ED1263}.Release|x64.Build.0 = Release|x64
		{60322066-A588-32B1-B27D-9B06A1ED1263}.MinSizeRel|x64.ActiveCfg = MinSizeRel|x64
		{60322066-A588-32B1-B27D-9B06A1ED1263}.MinSizeRel|x64.Build.0 = MinSizeRel|x64
		{60322066-A588-32B1-B27D-9B06A1ED1263}.RelWithDebInfo|x64.ActiveCfg = RelWithDebInfo|x64
		{60322066-A588-32B1-B27D-9B06A1ED1263}.RelWithDebInfo|x64.Build.0 = RelWithDebInfo|x64
		{02F70266-5C81-379C-973D-C20088CE786E}.Debug|x64.ActiveCfg = Debug|x64
		{02F70266-5C81-379C-973D-C20088CE786E}.Debug|x64.Build.0 = Debug|x64
		{02F70266-5C81-379C-973D-C20088CE786E}.Release|x64.ActiveCfg = Release|x64
		{02F70266-5C81-379C-973D-C20088CE786E}.Release|x64.Build.0 = Release|x64
		{02F70266-5C81-379C-973D-C20088CE786E}.MinSizeRel|x64.ActiveCfg = MinSizeRel|x64
		{02F70266-5C81-379C-973D-C20088CE786E}.MinSizeRel|x64.Build.0 = MinSizeRel|x64
		{02F70266-5C81-379C-973D-C20088CE786E}.RelWithDebInfo|x64.ActiveCfg = RelWithDebInfo|x64
		{02F70266-5C81-379C-973D-C20088CE786E}.RelWithDebInfo|x64.Build.0 = RelWithDebInfo|x64
		{2E6F2C01-F407-3355-9E0D-B5DE275DDC37}.Debug|x64.ActiveCfg = Debug|x64
		{2E6F2C01-F407-3355-9E0D-B5DE275DDC37}.Debug|x64.Build.0 = Debug|x64
		{2E6F2C01-F407-3355-9E0D-B5DE275DDC37}.Release|x64.ActiveCfg = Release|x64
		{2E6F2C01-F407-3355-9E0D-B5DE275DDC37}.Release|x64.Build.0 = Release|x64
		{2E6F2C01-F407-3355-9E0D-B5DE275DDC37}.MinSizeRel|x64.ActiveCfg = MinSizeRel|x64
		{2E6F2C01-F407-3355-9E0D-B5DE275DDC37}.MinSizeRel|x64.Build.0 = MinSizeRel|x64
		{2E6F2C01-F407-3355-9E0D-B5DE275DDC37}.RelWithDebInfo|x64.ActiveCfg = RelWithDebInfo|x64
		{2E6F2C01-F407-3355-9E0D-B5DE275DDC37}.RelWithDebInfo|x64.Build.0 = RelWithDebInfo|x64
		{E00D2BD5-701A-35D4-838D-5EFF415939E9}.Debug|x64.ActiveCfg = Debug|x64
		{E00D2BD5-701A-35D4-838D-5EFF415939E9}.Debug|x64.Build.0 = Debug|x64
		{E00D2BD5-701A-35D4-838D-5EFF415939E9}.Release|x64.ActiveCfg = Release|x64
		{E00D2BD5-701A-35D4-838D-5EFF415939E9}.Release|x64.Build.0 = Release|x64
		{E00D2BD5-701A-35D4-838D-5EFF415939E9}.MinSizeRel|x64.ActiveCfg = MinSizeRel|x64
		{E00D2BD5-701A-35D4-838D-5EFF415939E9}.MinSizeRel|x64.Build.0 = MinSizeRel|x64
		{E00D2BD5-701A-35D4-838D-5EFF415939E9}.RelWithDebInfo|x64.ActiveCfg = RelWithDebInfo|x64
		{E00D2BD5-701A-35D4-838D-5EFF415939E9}.RelWithDebInfo|x64.Build.0 = RelWithDebInfo|x64
		{B8020F19-E0CF-3935-A3A8-3745B4C18B75}.Debug|x64.ActiveCfg = Debug|x64
		{B8020F19-E0CF-3935-A3A8-3745B4C18B75}.Debug|x64.Build.0 = Debug|x64
		{B8020F19-E0CF-3935-A3A8-3745B4C18B75}.Release|x64.ActiveCfg = Release|x64
		{B8020F19-E0CF-3935-A3A8-3745B4C18B75}.Release|x64.Build.0 = Release|x64
		{B8020F19-E0CF-3935-A3A8-3745B4C18B75}.MinSizeRel|x64.ActiveCfg = MinSizeRel|x64
		{B8020F19-E0CF-3935-A3A8-3745B4C18B75}.MinSizeRel|x64.Build.0 = MinSizeRel|x64
		{B8020F19-E0CF-3935-A3A8-3745B4C18B75}.RelWithDebInfo|x64.ActiveCfg = RelWithDebInfo|x64
		{B8020F19-E0CF-3935-A3A8-3745B4C18B75}.RelWithDebInfo|x64.Build.0 = RelWithDebInfo|x64
		{1E79B870-D406-3112-8FD3-85A9C6E084DB}.Debug|x64.ActiveCfg = Debug|x64
		{1E79B870-D406-3112-8FD3-85A9C6E084DB}.Debug|x64.Build.0 = Debug|x64
		{1E79B870-D406-3112-8FD3-85A9C6E084DB}.Release|x64.ActiveCfg = Release|x64
		{1E79B870-D406-3112-8FD3-85A9C6E084DB}.Release|x64.Build.0 = Release|x64
		{1E79B870-D406-3112-8FD3-85A9C6E084DB}.MinSizeRel|x64.ActiveCfg = MinSizeRel|x64
		{1E79B870-D406-3112-8FD3-85A9C6E084DB}.MinSizeRel|x64.Build.0 = MinSizeRel|x64
		{1E79B870-D406-3112-8FD3-85A9C6E084DB}.RelWithDebInfo|x64.ActiveCfg = RelWithDebInfo|x64
		{1E79B870-D406-3112-8FD3-85A9C6E084DB}.RelWithDebInfo|x64.Build.0 = RelWithDebInfo|x64
		{E9F57CB9-9F7C-31BC-A977-4128330B6553}.Debug|x64.ActiveCfg = Debug|x64
		{E9F57CB9-9F7C-31BC-A977-4128330B6553}.Debug|x64.Build.0 = Debug|x64
		{E9F57CB9-9F7C-31BC-A977-4128330B6553}.Release|x64.ActiveCfg = Release|x64
		{E9F57CB9-9F7C-31BC-A977-4128330B6553}.Release|x64.Build.0 = Release|x64
		{E9F57CB9-9F7C-31BC-A977-4128330B6553}.MinSizeRel|x64.ActiveCfg = MinSizeRel|x64
		{E9F57CB9-9F7C-31BC-A977-4128330B6553}.MinSizeRel|x64.Build.0 = MinSizeRel|x64
		{E9F57CB9-9F7C-31BC-A977-4128330B6553}.RelWithDebInfo|x64.ActiveCfg = RelWithDebInfo|x64
		{E9F57CB9-9F7C-31BC-A977-4128330B6553}.RelWithDebInfo|x64.Build.0 = RelWithDebInfo|x64
		{2AC1DE30-6572-3819-B0F8-357824A5A90B}.Debug|x64.ActiveCfg = Debug|x64
		{2AC1DE30-6572-3819-B0F8-357824A5A90B}.Debug|x64.Build.0 = Debug|x64
		{2AC1DE30-6572-3819-B0F8-357824A5A90B}.Release|x64.ActiveCfg = Release|x64
		{2AC1DE30-6572-3819-B0F8-357824A5A90B}.Release|x64.Build.0 = Release|x64
		{2AC1DE30-6572-3819-B0F8-357824A5A90B}.MinSizeRel|x64.ActiveCfg = MinSizeRel|x64
		{2AC1DE30-6572-3819-B0F8-357824A5A90B}.MinSizeRel|x64.Build.0 = MinSizeRel|x64
		{2AC1DE30-6572-3819-B0F8-357824A5A90B}.RelWithDebInfo|x64.ActiveCfg = RelWithDebInfo|x64
		{2AC1DE30-6572-3819-B0F8-357824A5A90B}.RelWithDebInfo|x64.Build.0 = RelWithDebInfo|x64
		{1FAE61DB-6847-39B1-A598-15318F4CC16C}.Debug|x64.ActiveCfg = Debug|x64
		{1FAE61DB-6847-39B1-A598-15318F4CC16C}.Debug|x64.Build.0 = Debug|x64
		{1FAE61DB-6847-39B1-A598-15318F4CC16C}.Release|x64.ActiveCfg = Release|x64
		{1FAE61DB-6847-39B1-A598-15318F4CC16C}.Release|x64.Build.0 = Release|x64
		{1FAE61DB-6847-39B1-A598-15318F4CC16C}.MinSizeRel|x64.ActiveCfg = MinSizeRel|x64
		{1FAE61DB-6847-39B1-A598-15318F4CC16C}.MinSizeRel|x64.Build.0 = MinSizeRel|x64
		{1FAE61DB-6847-39B1-A598-15318F4CC16C}.RelWithDebInfo|x64.ActiveCfg = RelWithDebInfo|x64
		{1FAE61DB-6847-39B1-A598-15318F4CC16C}.RelWithDebInfo|x64.Build.0 = RelWithDebInfo|x64
		{56DB5D8A-EE16-3273-B8E6-D2EECAC5F56D}.Debug|x64.ActiveCfg = Debug|x64
		{56DB5D8A-EE16-3273-B8E6-D2EECAC5F56D}.Debug|x64.Build.0 = Debug|x64
		{56DB5D8A-EE16-3273-B8E6-D2EECAC5F56D}.Release|x64.ActiveCfg = Release|x64
		{56DB5D8A-EE16-3273-B8E6-D2EECAC5F56D}.Release|x64.Build.0 = Release|x64
		{56DB5D8A-EE16-3273-B8E6-D2EECAC5F56D}.MinSizeRel|x64.ActiveCfg = MinSizeRel|x64
		{56DB5D8A-EE16-3273-B8E6-D2EECAC5F56D}.MinSizeRel|x64.Build.0 = MinSizeRel|x64
		{56DB5D8A-EE16-3273-B8E6-D2EECAC5F56D}.RelWithDebInfo|x64.ActiveCfg = RelWithDebInfo|x64
		{56DB5D8A-EE16-3273-B8E6-D2EECAC5F56D}.RelWithDebInfo|x64.Build.0 = RelWithDebInfo|x64
		{C59C5A1F-4EFB-3DA6-B3DA-E16F3FB127FE}.Debug|x64.ActiveCfg = Debug|x64
		{C59C5A1F-4EFB-3DA6-B3DA-E16F3FB127FE}.Debug|x64.Build.0 = Debug|x64
		{C59C5A1F-4EFB-3DA6-B3DA-E16F3FB127FE}.Release|x64.ActiveCfg = Release|x64
		{C59C5A1F-4EFB-3DA6-B3DA-E16F3FB127FE}.Release|x64.Build.0 = Release|x64
		{C59C5A1F-4EFB-3DA6-B3DA-E16F3FB127FE}.MinSizeRel|x64.ActiveCfg = MinSizeRel|x64
		{C59C5A1F-4EFB-3DA6-B3DA-E16F3FB127FE}.MinSizeRel|x64.Build.0 = MinSizeRel|x64
		{C59C5A1F-4EFB-3DA6-B3DA-E16F3FB127FE}.RelWithDebInfo|x64.ActiveCfg = RelWithDebInfo|x64
		{C59C5A1F-4EFB-3DA6-B3DA-E16F3FB127FE}.RelWithDebInfo|x64.Build.0 = RelWithDebInfo|x64
		{90EA5D7E-75D6-391F-9097-7C8D32C339CF}.Debug|x64.ActiveCfg = Debug|x64
		{90EA5D7E-75D6-391F-9097-7C8D32C339CF}.Debug|x64.Build.0 = Debug|x64
		{90EA5D7E-75D6-391F-9097-7C8D32C339CF}.Release|x64.ActiveCfg = Release|x64
		{90EA5D7E-75D6-391F-9097-7C8D32C339CF}.Release|x64.Build.0 = Release|x64
		{90EA5D7E-75D6-391F-9097-7C8D32C339CF}.MinSizeRel|x64.ActiveCfg = MinSizeRel|x64
		{90EA5D7E-75D6-391F-9097-7C8D32C339CF}.MinSizeRel|x64.Build.0 = MinSizeRel|x64
		{90EA5D7E-75D6-391F-9097-7C8D32C339CF}.RelWithDebInfo|x64.ActiveCfg = RelWithDebInfo|x64
		{90EA5D7E-75D6-391F-9097-7C8D32C339CF}.RelWithDebInfo|x64.Build.0 = RelWithDebInfo|x64
		{0F96D4A2-5AF5-34F9-8EC3-1C4932CCD156}.Debug|x64.ActiveCfg = Debug|x64
		{0F96D4A2-5AF5-34F9-8EC3-1C4932CCD156}.Debug|x64.Build.0 = Debug|x64
		{0F96D4A2-5AF5-34F9-8EC3-1C4932CCD156}.Release|x64.ActiveCfg = Release|x64
		{0F96D4A2-5AF5-34F9-8EC3-1C4932CCD156}.Release|x64.Build.0 = Release|x64
		{0F96D4A2-5AF5-34F9-8EC3-1C4932CCD156}.MinSizeRel|x64.ActiveCfg = MinSizeRel|x64
		{0F96D4A2-5AF5-34F9-8EC3-1C4932CCD156}.MinSizeRel|x64.Build.0 = MinSizeRel|x64
		{0F96D4A2-5AF5-34F9-8EC3-1C4932CCD156}.RelWithDebInfo|x64.ActiveCfg = RelWithDebInfo|x64
		{0F96D4A2-5AF5-34F9-8EC3-1C4932CCD156}.RelWithDebInfo|x64.Build.0 = RelWithDebInfo|x64
		{4DAEC2BF-A549-312D-AF04-762AAC661BE0}.Debug|x64.ActiveCfg = Debug|x64
		{4DAEC2BF-A549-312D-AF04-762AAC661BE0}.Release|x64.ActiveCfg = Release|x64
		{4DAEC2BF-A549-312D-AF04-762AAC661BE0}.MinSizeRel|x64.ActiveCfg = MinSizeRel|x64
		{4DAEC2BF-A549-312D-AF04-762AAC661BE0}.RelWithDebInfo|x64.ActiveCfg = RelWithDebInfo|x64
		{77F98AF3-64A3-3FDC-BEB3-569DC546DFB5}.Debug|x64.ActiveCfg = Debug|x64
		{77F98AF3-64A3-3FDC-BEB3-569DC546DFB5}.Debug|x64.Build.0 = Debug|x64
		{77F98AF3-64A3-3FDC-BEB3-569DC546DFB5}.Release|x64.ActiveCfg = Release|x64
		{77F98AF3-64A3-3FDC-BEB3-569DC546DFB5}.Release|x64.Build.0 = Release|x64
		{77F98AF3-64A3-3FDC-BEB3-569DC546DFB5}.MinSizeRel|x64.ActiveCfg = MinSizeRel|x64
		{77F98AF3-64A3-3FDC-BEB3-569DC546DFB5}.MinSizeRel|x64.Build.0 = MinSizeRel|x64
		{77F98AF3-64A3-3FDC-BEB3-569DC546DFB5}.RelWithDebInfo|x64.ActiveCfg = RelWithDebInfo|x64
		{77F98AF3-64A3-3FDC-BEB3-569DC546DFB5}.RelWithDebInfo|x64.Build.0 = RelWithDebInfo|x64
		{22279E61-2090-39D0-BD2E-646A8CA63143}.Debug|x64.ActiveCfg = Debug|x64
		{22279E61-2090-39D0-BD2E-646A8CA63143}.Debug|x64.Build.0 = Debug|x64
		{22279E61-2090-39D0-BD2E-646A8CA63143}.Release|x64.ActiveCfg = Release|x64
		{22279E61-2090-39D0-BD2E-646A8CA63143}.Release|x64.Build.0 = Release|x64
		{22279E61-2090-39D0-BD2E-646A8CA63143}.MinSizeRel|x64.ActiveCfg = MinSizeRel|x64
		{22279E61-2090-39D0-BD2E-646A8CA63143}.MinSizeRel|x64.Build.0 = MinSizeRel|x64
		{22279E61-2090-39D0-BD2E-646A8CA63143}.RelWithDebInfo|x64.ActiveCfg = RelWithDebInfo|x64
		{22279E61-2090-39D0-BD2E-646A8CA63143}.RelWithDebInfo|x64.Build.0 = RelWithDebInfo|x64
	EndGlobalSection
	GlobalSection(ExtensibilityGlobals) = postSolution
		SolutionGuid = {8412181F-6975-3041-8819-859C891E9318}
	EndGlobalSection
	GlobalSection(ExtensibilityAddIns) = postSolution
	EndGlobalSection
EndGlobal
